{
  "version": "5",
  "specifiers": {
    "jsr:@panth977/cache@^2.4.0": "2.4.0",
    "jsr:@panth977/functions@^2.4.0": "2.4.0",
    "jsr:@panth977/tools@^2.4.0": "2.4.0",
    "npm:@types/node@*": "22.5.4",
    "npm:redis@^5.5.6": "5.5.6_@redis+client@5.5.6",
    "npm:zod@^3.25.76": "3.25.76"
  },
  "jsr": {
    "@panth977/cache@2.4.0": {
      "integrity": "455f4e5e209f3c9fb39615788e0dc41d8ad659df3a2ca640cba4c27711fecf7d",
      "dependencies": [
        "jsr:@panth977/functions",
        "jsr:@panth977/tools",
        "npm:zod"
      ]
    },
    "@panth977/functions@2.4.0": {
      "integrity": "f2969e3b1eafad24f035314d80a10c7e89df8f0db97415e1e74955a0f3832b43",
      "dependencies": [
        "npm:zod"
      ]
    },
    "@panth977/tools@2.4.0": {
      "integrity": "002442bffb64d39008f55290bc2e736500909e42d76553e3612f817d206a1c5e",
      "dependencies": [
        "npm:zod"
      ]
    }
  },
  "npm": {
    "@redis/bloom@5.5.6_@redis+client@5.5.6": {
      "integrity": "sha512-bNR3mxkwtfuCxNOzfV8B3R5zA1LiN57EH6zK4jVBIgzMzliNuReZXBFGnXvsi80/SYohajn78YdpYI+XNpqL+A==",
      "dependencies": [
        "@redis/client"
      ]
    },
    "@redis/client@5.5.6": {
      "integrity": "sha512-M3Svdwt6oSfyfQdqEr0L2HOJH2vK7GgCFx1NfAQvpWAT4+ljoT1L5S5cKT3dA9NJrxrOPDkdoTPWJnIrGCOcmw==",
      "dependencies": [
        "cluster-key-slot"
      ]
    },
    "@redis/json@5.5.6_@redis+client@5.5.6": {
      "integrity": "sha512-AIsoe3SsGQagqAmSQHaqxEinm5oCWr7zxPWL90kKaEdLJ+zw8KBznf2i9oK0WUFP5pFssSQUXqnscQKe2amfDQ==",
      "dependencies": [
        "@redis/client"
      ]
    },
    "@redis/search@5.5.6_@redis+client@5.5.6": {
      "integrity": "sha512-JSqasYqO0mVcHL7oxvbySRBBZYRYhFl3W7f0Da7BW8M/r0Z9wCiVrdjnN4/mKBpWZkoJT/iuisLUdPGhpKxBew==",
      "dependencies": [
        "@redis/client"
      ]
    },
    "@redis/time-series@5.5.6_@redis+client@5.5.6": {
      "integrity": "sha512-jkpcgq3NOI3TX7xEAJ3JgesJTxAx7k0m6lNxNsYdEM8KOl+xj7GaB/0CbLkoricZDmFSEAz7ClA1iK9XkGHf+Q==",
      "dependencies": [
        "@redis/client"
      ]
    },
    "@types/node@22.5.4": {
      "integrity": "sha512-FDuKUJQm/ju9fT/SeX/6+gBzoPzlVCzfzmGkwKvRHQVxi4BntVbyIwf6a4Xn62mrvndLiml6z/UBXIdEVjQLXg==",
      "dependencies": [
        "undici-types"
      ]
    },
    "cluster-key-slot@1.1.2": {
      "integrity": "sha512-RMr0FhtfXemyinomL4hrWcYJxmX6deFdCxpJzhDttxgO1+bcCnkk+9drydLVDmAMG7NE6aN/fl4F7ucU/90gAA=="
    },
    "redis@5.5.6_@redis+client@5.5.6": {
      "integrity": "sha512-hbpqBfcuhWHOS9YLNcXcJ4akNr7HFX61Dq3JuFZ9S7uU7C7kvnzuH2PDIXOP62A3eevvACoG8UacuXP3N07xdg==",
      "dependencies": [
        "@redis/bloom",
        "@redis/client",
        "@redis/json",
        "@redis/search",
        "@redis/time-series"
      ]
    },
    "undici-types@6.19.8": {
      "integrity": "sha512-ve2KP6f/JnbPBFyobGHuerC9g1FYGn/F8n1LWTwNxCEzd6IfqTwUQcNXgEtmmQ6DlRrC1hrSrBnCZPokRrDHjw=="
    },
    "zod@3.25.76": {
      "integrity": "sha512-gzUt/qt81nXsFGKIFcC3YnfEAx5NkunCfnDlvuBSSFS02bcXu4Lmea0AFIUwbLWxWPx3d9p8S5QoaujKcNQxcQ=="
    }
  },
  "workspace": {
    "dependencies": [
      "jsr:@panth977/cache@^2.4.0",
      "jsr:@panth977/functions@^2.4.0",
      "jsr:@panth977/tools@^2.4.0",
      "npm:redis@^5.5.6"
    ]
  }
}
